// !$*UTF8*$!
{
	archiveVersion = 1;
	classes = {
	};
	objectVersion = 55;
	objects = {

/* Begin PBXBuildFile section */
		9E29D9C1291F9FB200BBE368 /* OnboardingData.swift in Sources */ = {isa = PBXBuildFile; fileRef = 9E29D9C0291F9FB200BBE368 /* OnboardingData.swift */; };
		9E29D9C7291FBCDD00BBE368 /* BaseCollectionViewCell.swift in Sources */ = {isa = PBXBuildFile; fileRef = 9E29D9C6291FBCDD00BBE368 /* BaseCollectionViewCell.swift */; };
		9E876DB92920B8FC00BEBAE8 /* Noto_Sans_KR in Resources */ = {isa = PBXBuildFile; fileRef = 9E876DB82920B8FC00BEBAE8 /* Noto_Sans_KR */; };
		9E876DBD2920E06000BEBAE8 /* Splash.storyboard in Resources */ = {isa = PBXBuildFile; fileRef = 9E876DBC2920E06000BEBAE8 /* Splash.storyboard */; };
		9E876DC02920E1DF00BEBAE8 /* OnboardViewController.swift in Sources */ = {isa = PBXBuildFile; fileRef = 9E876DBF2920E1DF00BEBAE8 /* OnboardViewController.swift */; };
		9E876DC22920E1FC00BEBAE8 /* OnboardView.swift in Sources */ = {isa = PBXBuildFile; fileRef = 9E876DC12920E1FC00BEBAE8 /* OnboardView.swift */; };
		9E876DC62920E5BB00BEBAE8 /* OnboardCollectionViewCell.swift in Sources */ = {isa = PBXBuildFile; fileRef = 9E876DC52920E5BB00BEBAE8 /* OnboardCollectionViewCell.swift */; };
		9E876DCA2920EC2D00BEBAE8 /* ScrollExtension.swift in Sources */ = {isa = PBXBuildFile; fileRef = 9E876DC92920EC2D00BEBAE8 /* ScrollExtension.swift */; };
		9E876DCC2920EF3F00BEBAE8 /* collectionViewExtension.swift in Sources */ = {isa = PBXBuildFile; fileRef = 9E876DCB2920EF3F00BEBAE8 /* collectionViewExtension.swift */; };
		9E876DD129220E3E00BEBAE8 /* FirebaseAnalyticsWithoutAdIdSupport in Frameworks */ = {isa = PBXBuildFile; productRef = 9E876DD029220E3E00BEBAE8 /* FirebaseAnalyticsWithoutAdIdSupport */; };
		9E876DD329220E3E00BEBAE8 /* FirebaseAuth in Frameworks */ = {isa = PBXBuildFile; productRef = 9E876DD229220E3E00BEBAE8 /* FirebaseAuth */; };
		9E876DD529220E3E00BEBAE8 /* FirebaseMessaging in Frameworks */ = {isa = PBXBuildFile; productRef = 9E876DD429220E3E00BEBAE8 /* FirebaseMessaging */; };
		9EC35921291AA64D001E69A4 /* SnapKit in Frameworks */ = {isa = PBXBuildFile; productRef = 9EC35920291AA64D001E69A4 /* SnapKit */; };
		9EC35923291AC49E001E69A4 /* Font.swift in Sources */ = {isa = PBXBuildFile; fileRef = 9EC35922291AC49E001E69A4 /* Font.swift */; };
		9EC35926291AE10E001E69A4 /* AuthorizationView.swift in Sources */ = {isa = PBXBuildFile; fileRef = 9EC35925291AE10E001E69A4 /* AuthorizationView.swift */; };
		9EC35928291AE11D001E69A4 /* AuthorizationViewController.swift in Sources */ = {isa = PBXBuildFile; fileRef = 9EC35927291AE11D001E69A4 /* AuthorizationViewController.swift */; };
		9EC3593E291B9825001E69A4 /* AnyFormatKit in Frameworks */ = {isa = PBXBuildFile; productRef = 9EC3593D291B9825001E69A4 /* AnyFormatKit */; };
		9EC35940291CDCF5001E69A4 /* OnboardingCollectionViewCell.swift in Sources */ = {isa = PBXBuildFile; fileRef = 9EC3593F291CDCF5001E69A4 /* OnboardingCollectionViewCell.swift */; };
		9EC3594B291E5256001E69A4 /* SplashViewController.swift in Sources */ = {isa = PBXBuildFile; fileRef = 9EC3594A291E5256001E69A4 /* SplashViewController.swift */; };
		9EC3594E291E526C001E69A4 /* SplashView.swift in Sources */ = {isa = PBXBuildFile; fileRef = 9EC3594D291E526C001E69A4 /* SplashView.swift */; };
		9ECC7C7C2922AA5800B3DC25 /* nickNameViewController.swift in Sources */ = {isa = PBXBuildFile; fileRef = 9ECC7C7B2922AA5800B3DC25 /* nickNameViewController.swift */; };
		9ECC7C7E2922AA6600B3DC25 /* nickNameView.swift in Sources */ = {isa = PBXBuildFile; fileRef = 9ECC7C7D2922AA6600B3DC25 /* nickNameView.swift */; };
		9ECC7C802922AEF500B3DC25 /* BirthView.swift in Sources */ = {isa = PBXBuildFile; fileRef = 9ECC7C7F2922AEF500B3DC25 /* BirthView.swift */; };
		9ECC7C822922AF0200B3DC25 /* BirthViewController.swift in Sources */ = {isa = PBXBuildFile; fileRef = 9ECC7C812922AF0200B3DC25 /* BirthViewController.swift */; };
		9ECC7C842922AF1300B3DC25 /* EmailViewController.swift in Sources */ = {isa = PBXBuildFile; fileRef = 9ECC7C832922AF1300B3DC25 /* EmailViewController.swift */; };
		9ECC7C862922AF1D00B3DC25 /* GenderViewController.swift in Sources */ = {isa = PBXBuildFile; fileRef = 9ECC7C852922AF1D00B3DC25 /* GenderViewController.swift */; };
		9ECC7C882922AF3000B3DC25 /* EmailView.swift in Sources */ = {isa = PBXBuildFile; fileRef = 9ECC7C872922AF3000B3DC25 /* EmailView.swift */; };
		9ECC7C8A2922AF5600B3DC25 /* GenderView.swift in Sources */ = {isa = PBXBuildFile; fileRef = 9ECC7C892922AF5600B3DC25 /* GenderView.swift */; };
		9ECC7C8C2922B21200B3DC25 /* Transition.swift in Sources */ = {isa = PBXBuildFile; fileRef = 9ECC7C8B2922B21200B3DC25 /* Transition.swift */; };
		9ECC7C8F2923057200B3DC25 /* Toast in Frameworks */ = {isa = PBXBuildFile; productRef = 9ECC7C8E2923057200B3DC25 /* Toast */; };
		9ECC7C9329230FDB00B3DC25 /* textField.swift in Sources */ = {isa = PBXBuildFile; fileRef = 9ECC7C9229230FDB00B3DC25 /* textField.swift */; };
		9ECC7C9529230FE300B3DC25 /* Button.swift in Sources */ = {isa = PBXBuildFile; fileRef = 9ECC7C9429230FE300B3DC25 /* Button.swift */; };
		9ECC7C972924E81F00B3DC25 /* .gitignore in Resources */ = {isa = PBXBuildFile; fileRef = 9ECC7C962924E81F00B3DC25 /* .gitignore */; };
		9ECC7C9E292558A100B3DC25 /* Alamofire in Frameworks */ = {isa = PBXBuildFile; productRef = 9ECC7C9D292558A100B3DC25 /* Alamofire */; };
		9ECC7CA1292566B000B3DC25 /* APIUrl.swift in Sources */ = {isa = PBXBuildFile; fileRef = 9ECC7CA0292566B000B3DC25 /* APIUrl.swift */; };
		9ECC7CA429256B7700B3DC25 /* SwiftyJSON in Frameworks */ = {isa = PBXBuildFile; productRef = 9ECC7CA329256B7700B3DC25 /* SwiftyJSON */; };
		9ECC7CA6292571D700B3DC25 /* LoginAPIManager.swift in Sources */ = {isa = PBXBuildFile; fileRef = 9ECC7CA5292571D700B3DC25 /* LoginAPIManager.swift */; };
		9ECC7CA8292571E600B3DC25 /* SignInAPIManager.swift in Sources */ = {isa = PBXBuildFile; fileRef = 9ECC7CA7292571E600B3DC25 /* SignInAPIManager.swift */; };
		9ECC7CAA2925BAD000B3DC25 /* Dongle in Resources */ = {isa = PBXBuildFile; fileRef = 9ECC7CA92925BAD000B3DC25 /* Dongle */; };
		9ECC7CB1292623AE00B3DC25 /* HomeViewController.swift in Sources */ = {isa = PBXBuildFile; fileRef = 9ECC7CB0292623AE00B3DC25 /* HomeViewController.swift */; };
		9ECC7CB32926247400B3DC25 /* HomeView.swift in Sources */ = {isa = PBXBuildFile; fileRef = 9ECC7CB22926247400B3DC25 /* HomeView.swift */; };
		9ECC7CB5292885C600B3DC25 /* ShopView.swift in Sources */ = {isa = PBXBuildFile; fileRef = 9ECC7CB4292885C600B3DC25 /* ShopView.swift */; };
		9ECC7CB7292885F500B3DC25 /* ShopViewController.swift in Sources */ = {isa = PBXBuildFile; fileRef = 9ECC7CB6292885F500B3DC25 /* ShopViewController.swift */; };
		9ECC7CB92928890F00B3DC25 /* LocationAuthorization.swift in Sources */ = {isa = PBXBuildFile; fileRef = 9ECC7CB82928890F00B3DC25 /* LocationAuthorization.swift */; };
		9ECC7CBB29288D4300B3DC25 /* MyPageViewController.swift in Sources */ = {isa = PBXBuildFile; fileRef = 9ECC7CBA29288D4300B3DC25 /* MyPageViewController.swift */; };
		9ECC7CBD29288D5600B3DC25 /* MyPageView.swift in Sources */ = {isa = PBXBuildFile; fileRef = 9ECC7CBC29288D5600B3DC25 /* MyPageView.swift */; };
		9ECC7CBF2928921000B3DC25 /* MyPageTableViewCell.swift in Sources */ = {isa = PBXBuildFile; fileRef = 9ECC7CBE2928921000B3DC25 /* MyPageTableViewCell.swift */; };
		9ECC7CC12928925C00B3DC25 /* BaseTableViewCell.swift in Sources */ = {isa = PBXBuildFile; fileRef = 9ECC7CC02928925C00B3DC25 /* BaseTableViewCell.swift */; };
		9ECC7CC32928B53900B3DC25 /* MyPageData.swift in Sources */ = {isa = PBXBuildFile; fileRef = 9ECC7CC22928B53900B3DC25 /* MyPageData.swift */; };
		9ECC7CC62928B8E100B3DC25 /* TableViewExtension.swift in Sources */ = {isa = PBXBuildFile; fileRef = 9ECC7CC52928B8E100B3DC25 /* TableViewExtension.swift */; };
		9ECC7CC82928BD9700B3DC25 /* TabBarController.swift in Sources */ = {isa = PBXBuildFile; fileRef = 9ECC7CC72928BD9700B3DC25 /* TabBarController.swift */; };
		9ECC7CCB2928C5A100B3DC25 /* ManageMyPageViewController.swift in Sources */ = {isa = PBXBuildFile; fileRef = 9ECC7CCA2928C5A100B3DC25 /* ManageMyPageViewController.swift */; };
		9ECC7CCD2928C5B800B3DC25 /* ManageMyPageView.swift in Sources */ = {isa = PBXBuildFile; fileRef = 9ECC7CCC2928C5B800B3DC25 /* ManageMyPageView.swift */; };
		9ECC7CCF2928CA7800B3DC25 /* NameTableViewCell.swift in Sources */ = {isa = PBXBuildFile; fileRef = 9ECC7CCE2928CA7800B3DC25 /* NameTableViewCell.swift */; };
		9EE3C6AF2928F01A00124D61 /* TableVC.swift in Sources */ = {isa = PBXBuildFile; fileRef = 9EE3C6AE2928F01A00124D61 /* TableVC.swift */; };
		9EE3C6B32928F12F00124D61 /* Reusable.swift in Sources */ = {isa = PBXBuildFile; fileRef = 9EE3C6B22928F12F00124D61 /* Reusable.swift */; };
		9EE3C6B52929066800124D61 /* ManageMyPageCell.swift in Sources */ = {isa = PBXBuildFile; fileRef = 9EE3C6B42929066800124D61 /* ManageMyPageCell.swift */; };
		9EE3C6B929290FAE00124D61 /* BaseHeaderCell.swift in Sources */ = {isa = PBXBuildFile; fileRef = 9EE3C6B829290FAE00124D61 /* BaseHeaderCell.swift */; };
		9EE3C6BB292913BF00124D61 /* HeaderCell.swift in Sources */ = {isa = PBXBuildFile; fileRef = 9EE3C6BA292913BF00124D61 /* HeaderCell.swift */; };
		9EE3C6BE2929559000124D61 /* ExpandableCardTableViewCell.swift in Sources */ = {isa = PBXBuildFile; fileRef = 9EE3C6BD2929559000124D61 /* ExpandableCardTableViewCell.swift */; };
		9EE3C6C129295AB300124D61 /* ImageTableViewCell.swift in Sources */ = {isa = PBXBuildFile; fileRef = 9EE3C6C029295AB300124D61 /* ImageTableViewCell.swift */; };
		9EE3C6C4292B17B900124D61 /* GoogleService-Info.plist in Resources */ = {isa = PBXBuildFile; fileRef = 9EE3C6C3292B17B900124D61 /* GoogleService-Info.plist */; };
		9EE3C6C7292B467400124D61 /* CustomButton.swift in Sources */ = {isa = PBXBuildFile; fileRef = 9EE3C6C6292B467400124D61 /* CustomButton.swift */; };
		9EFDEB9329190566007743CE /* AppDelegate.swift in Sources */ = {isa = PBXBuildFile; fileRef = 9EFDEB9229190566007743CE /* AppDelegate.swift */; };
		9EFDEB9529190566007743CE /* SceneDelegate.swift in Sources */ = {isa = PBXBuildFile; fileRef = 9EFDEB9429190566007743CE /* SceneDelegate.swift */; };
		9EFDEB9C29190567007743CE /* Assets.xcassets in Resources */ = {isa = PBXBuildFile; fileRef = 9EFDEB9B29190567007743CE /* Assets.xcassets */; };
		9EFDEB9F29190567007743CE /* LaunchScreen.storyboard in Resources */ = {isa = PBXBuildFile; fileRef = 9EFDEB9D29190567007743CE /* LaunchScreen.storyboard */; };
		9EFDEBA729192606007743CE /* OnboardingViewController.swift in Sources */ = {isa = PBXBuildFile; fileRef = 9EFDEBA629192606007743CE /* OnboardingViewController.swift */; };
		9EFDEBAA291928F9007743CE /* Color.swift in Sources */ = {isa = PBXBuildFile; fileRef = 9EFDEBA9291928F9007743CE /* Color.swift */; };
		9EFDEBAD29192A03007743CE /* OnboardingView.swift in Sources */ = {isa = PBXBuildFile; fileRef = 9EFDEBAC29192A03007743CE /* OnboardingView.swift */; };
		9EFDEBB029192A11007743CE /* BaseView.swift in Sources */ = {isa = PBXBuildFile; fileRef = 9EFDEBAF29192A11007743CE /* BaseView.swift */; };
		9EFDEBB229192A66007743CE /* BaseViewController.swift in Sources */ = {isa = PBXBuildFile; fileRef = 9EFDEBB129192A66007743CE /* BaseViewController.swift */; };
		9EFDEBB4291AA0BB007743CE /* loginViewController.swift in Sources */ = {isa = PBXBuildFile; fileRef = 9EFDEBB3291AA0BB007743CE /* loginViewController.swift */; };
		9EFDEBB7291AA0D2007743CE /* loginView.swift in Sources */ = {isa = PBXBuildFile; fileRef = 9EFDEBB6291AA0D2007743CE /* loginView.swift */; };
/* End PBXBuildFile section */

/* Begin PBXFileReference section */
		9E29D9C0291F9FB200BBE368 /* OnboardingData.swift */ = {isa = PBXFileReference; lastKnownFileType = sourcecode.swift; path = OnboardingData.swift; sourceTree = "<group>"; };
		9E29D9C6291FBCDD00BBE368 /* BaseCollectionViewCell.swift */ = {isa = PBXFileReference; lastKnownFileType = sourcecode.swift; path = BaseCollectionViewCell.swift; sourceTree = "<group>"; };
		9E876DB82920B8FC00BEBAE8 /* Noto_Sans_KR */ = {isa = PBXFileReference; lastKnownFileType = folder; path = Noto_Sans_KR; sourceTree = "<group>"; };
		9E876DBC2920E06000BEBAE8 /* Splash.storyboard */ = {isa = PBXFileReference; lastKnownFileType = file.storyboard; path = Splash.storyboard; sourceTree = "<group>"; };
		9E876DBF2920E1DF00BEBAE8 /* OnboardViewController.swift */ = {isa = PBXFileReference; lastKnownFileType = sourcecode.swift; path = OnboardViewController.swift; sourceTree = "<group>"; };
		9E876DC12920E1FC00BEBAE8 /* OnboardView.swift */ = {isa = PBXFileReference; lastKnownFileType = sourcecode.swift; path = OnboardView.swift; sourceTree = "<group>"; };
		9E876DC52920E5BB00BEBAE8 /* OnboardCollectionViewCell.swift */ = {isa = PBXFileReference; lastKnownFileType = sourcecode.swift; path = OnboardCollectionViewCell.swift; sourceTree = "<group>"; };
		9E876DC92920EC2D00BEBAE8 /* ScrollExtension.swift */ = {isa = PBXFileReference; lastKnownFileType = sourcecode.swift; path = ScrollExtension.swift; sourceTree = "<group>"; };
		9E876DCB2920EF3F00BEBAE8 /* collectionViewExtension.swift */ = {isa = PBXFileReference; lastKnownFileType = sourcecode.swift; path = collectionViewExtension.swift; sourceTree = "<group>"; };
		9EC35922291AC49E001E69A4 /* Font.swift */ = {isa = PBXFileReference; lastKnownFileType = sourcecode.swift; path = Font.swift; sourceTree = "<group>"; };
		9EC35925291AE10E001E69A4 /* AuthorizationView.swift */ = {isa = PBXFileReference; lastKnownFileType = sourcecode.swift; path = AuthorizationView.swift; sourceTree = "<group>"; };
		9EC35927291AE11D001E69A4 /* AuthorizationViewController.swift */ = {isa = PBXFileReference; lastKnownFileType = sourcecode.swift; path = AuthorizationViewController.swift; sourceTree = "<group>"; };
		9EC3593F291CDCF5001E69A4 /* OnboardingCollectionViewCell.swift */ = {isa = PBXFileReference; lastKnownFileType = sourcecode.swift; path = OnboardingCollectionViewCell.swift; sourceTree = "<group>"; };
		9EC35949291E30D7001E69A4 /* SLP.entitlements */ = {isa = PBXFileReference; lastKnownFileType = text.plist.entitlements; path = SLP.entitlements; sourceTree = "<group>"; };
		9EC3594A291E5256001E69A4 /* SplashViewController.swift */ = {isa = PBXFileReference; lastKnownFileType = sourcecode.swift; path = SplashViewController.swift; sourceTree = "<group>"; };
		9EC3594D291E526C001E69A4 /* SplashView.swift */ = {isa = PBXFileReference; lastKnownFileType = sourcecode.swift; path = SplashView.swift; sourceTree = "<group>"; };
		9ECC7C7B2922AA5800B3DC25 /* nickNameViewController.swift */ = {isa = PBXFileReference; lastKnownFileType = sourcecode.swift; path = nickNameViewController.swift; sourceTree = "<group>"; };
		9ECC7C7D2922AA6600B3DC25 /* nickNameView.swift */ = {isa = PBXFileReference; lastKnownFileType = sourcecode.swift; path = nickNameView.swift; sourceTree = "<group>"; };
		9ECC7C7F2922AEF500B3DC25 /* BirthView.swift */ = {isa = PBXFileReference; lastKnownFileType = sourcecode.swift; path = BirthView.swift; sourceTree = "<group>"; };
		9ECC7C812922AF0200B3DC25 /* BirthViewController.swift */ = {isa = PBXFileReference; lastKnownFileType = sourcecode.swift; path = BirthViewController.swift; sourceTree = "<group>"; };
		9ECC7C832922AF1300B3DC25 /* EmailViewController.swift */ = {isa = PBXFileReference; lastKnownFileType = sourcecode.swift; path = EmailViewController.swift; sourceTree = "<group>"; };
		9ECC7C852922AF1D00B3DC25 /* GenderViewController.swift */ = {isa = PBXFileReference; lastKnownFileType = sourcecode.swift; path = GenderViewController.swift; sourceTree = "<group>"; };
		9ECC7C872922AF3000B3DC25 /* EmailView.swift */ = {isa = PBXFileReference; lastKnownFileType = sourcecode.swift; path = EmailView.swift; sourceTree = "<group>"; };
		9ECC7C892922AF5600B3DC25 /* GenderView.swift */ = {isa = PBXFileReference; lastKnownFileType = sourcecode.swift; path = GenderView.swift; sourceTree = "<group>"; };
		9ECC7C8B2922B21200B3DC25 /* Transition.swift */ = {isa = PBXFileReference; lastKnownFileType = sourcecode.swift; path = Transition.swift; sourceTree = "<group>"; };
		9ECC7C9229230FDB00B3DC25 /* textField.swift */ = {isa = PBXFileReference; lastKnownFileType = sourcecode.swift; path = textField.swift; sourceTree = "<group>"; };
		9ECC7C9429230FE300B3DC25 /* Button.swift */ = {isa = PBXFileReference; lastKnownFileType = sourcecode.swift; path = Button.swift; sourceTree = "<group>"; };
		9ECC7C962924E81F00B3DC25 /* .gitignore */ = {isa = PBXFileReference; lastKnownFileType = text; path = .gitignore; sourceTree = "<group>"; };
		9ECC7CA0292566B000B3DC25 /* APIUrl.swift */ = {isa = PBXFileReference; lastKnownFileType = sourcecode.swift; path = APIUrl.swift; sourceTree = "<group>"; };
		9ECC7CA5292571D700B3DC25 /* LoginAPIManager.swift */ = {isa = PBXFileReference; lastKnownFileType = sourcecode.swift; path = LoginAPIManager.swift; sourceTree = "<group>"; };
		9ECC7CA7292571E600B3DC25 /* SignInAPIManager.swift */ = {isa = PBXFileReference; lastKnownFileType = sourcecode.swift; path = SignInAPIManager.swift; sourceTree = "<group>"; };
		9ECC7CA92925BAD000B3DC25 /* Dongle */ = {isa = PBXFileReference; lastKnownFileType = folder; path = Dongle; sourceTree = "<group>"; };
		9ECC7CB0292623AE00B3DC25 /* HomeViewController.swift */ = {isa = PBXFileReference; lastKnownFileType = sourcecode.swift; path = HomeViewController.swift; sourceTree = "<group>"; };
		9ECC7CB22926247400B3DC25 /* HomeView.swift */ = {isa = PBXFileReference; lastKnownFileType = sourcecode.swift; path = HomeView.swift; sourceTree = "<group>"; };
		9ECC7CB4292885C600B3DC25 /* ShopView.swift */ = {isa = PBXFileReference; lastKnownFileType = sourcecode.swift; path = ShopView.swift; sourceTree = "<group>"; };
		9ECC7CB6292885F500B3DC25 /* ShopViewController.swift */ = {isa = PBXFileReference; lastKnownFileType = sourcecode.swift; path = ShopViewController.swift; sourceTree = "<group>"; };
		9ECC7CB82928890F00B3DC25 /* LocationAuthorization.swift */ = {isa = PBXFileReference; lastKnownFileType = sourcecode.swift; path = LocationAuthorization.swift; sourceTree = "<group>"; };
		9ECC7CBA29288D4300B3DC25 /* MyPageViewController.swift */ = {isa = PBXFileReference; lastKnownFileType = sourcecode.swift; path = MyPageViewController.swift; sourceTree = "<group>"; };
		9ECC7CBC29288D5600B3DC25 /* MyPageView.swift */ = {isa = PBXFileReference; lastKnownFileType = sourcecode.swift; path = MyPageView.swift; sourceTree = "<group>"; };
		9ECC7CBE2928921000B3DC25 /* MyPageTableViewCell.swift */ = {isa = PBXFileReference; lastKnownFileType = sourcecode.swift; path = MyPageTableViewCell.swift; sourceTree = "<group>"; };
		9ECC7CC02928925C00B3DC25 /* BaseTableViewCell.swift */ = {isa = PBXFileReference; lastKnownFileType = sourcecode.swift; path = BaseTableViewCell.swift; sourceTree = "<group>"; };
		9ECC7CC22928B53900B3DC25 /* MyPageData.swift */ = {isa = PBXFileReference; lastKnownFileType = sourcecode.swift; path = MyPageData.swift; sourceTree = "<group>"; };
		9ECC7CC52928B8E100B3DC25 /* TableViewExtension.swift */ = {isa = PBXFileReference; lastKnownFileType = sourcecode.swift; path = TableViewExtension.swift; sourceTree = "<group>"; };
		9ECC7CC72928BD9700B3DC25 /* TabBarController.swift */ = {isa = PBXFileReference; lastKnownFileType = sourcecode.swift; path = TabBarController.swift; sourceTree = "<group>"; };
		9ECC7CCA2928C5A100B3DC25 /* ManageMyPageViewController.swift */ = {isa = PBXFileReference; lastKnownFileType = sourcecode.swift; path = ManageMyPageViewController.swift; sourceTree = "<group>"; };
		9ECC7CCC2928C5B800B3DC25 /* ManageMyPageView.swift */ = {isa = PBXFileReference; lastKnownFileType = sourcecode.swift; path = ManageMyPageView.swift; sourceTree = "<group>"; };
		9ECC7CCE2928CA7800B3DC25 /* NameTableViewCell.swift */ = {isa = PBXFileReference; lastKnownFileType = sourcecode.swift; path = NameTableViewCell.swift; sourceTree = "<group>"; };
		9EE3C6AE2928F01A00124D61 /* TableVC.swift */ = {isa = PBXFileReference; lastKnownFileType = sourcecode.swift; path = TableVC.swift; sourceTree = "<group>"; };
		9EE3C6B22928F12F00124D61 /* Reusable.swift */ = {isa = PBXFileReference; lastKnownFileType = sourcecode.swift; path = Reusable.swift; sourceTree = "<group>"; };
		9EE3C6B42929066800124D61 /* ManageMyPageCell.swift */ = {isa = PBXFileReference; lastKnownFileType = sourcecode.swift; path = ManageMyPageCell.swift; sourceTree = "<group>"; };
		9EE3C6B829290FAE00124D61 /* BaseHeaderCell.swift */ = {isa = PBXFileReference; lastKnownFileType = sourcecode.swift; path = BaseHeaderCell.swift; sourceTree = "<group>"; };
		9EE3C6BA292913BF00124D61 /* HeaderCell.swift */ = {isa = PBXFileReference; lastKnownFileType = sourcecode.swift; path = HeaderCell.swift; sourceTree = "<group>"; };
		9EE3C6BD2929559000124D61 /* ExpandableCardTableViewCell.swift */ = {isa = PBXFileReference; lastKnownFileType = sourcecode.swift; path = ExpandableCardTableViewCell.swift; sourceTree = "<group>"; };
		9EE3C6C029295AB300124D61 /* ImageTableViewCell.swift */ = {isa = PBXFileReference; lastKnownFileType = sourcecode.swift; path = ImageTableViewCell.swift; sourceTree = "<group>"; };
		9EE3C6C3292B17B900124D61 /* GoogleService-Info.plist */ = {isa = PBXFileReference; fileEncoding = 4; lastKnownFileType = text.plist.xml; path = "GoogleService-Info.plist"; sourceTree = "<group>"; };
		9EE3C6C6292B467400124D61 /* CustomButton.swift */ = {isa = PBXFileReference; lastKnownFileType = sourcecode.swift; path = CustomButton.swift; sourceTree = "<group>"; };
		9EFDEB8F29190566007743CE /* SLP.app */ = {isa = PBXFileReference; explicitFileType = wrapper.application; includeInIndex = 0; path = SLP.app; sourceTree = BUILT_PRODUCTS_DIR; };
		9EFDEB9229190566007743CE /* AppDelegate.swift */ = {isa = PBXFileReference; lastKnownFileType = sourcecode.swift; path = AppDelegate.swift; sourceTree = "<group>"; };
		9EFDEB9429190566007743CE /* SceneDelegate.swift */ = {isa = PBXFileReference; lastKnownFileType = sourcecode.swift; path = SceneDelegate.swift; sourceTree = "<group>"; };
		9EFDEB9B29190567007743CE /* Assets.xcassets */ = {isa = PBXFileReference; lastKnownFileType = folder.assetcatalog; path = Assets.xcassets; sourceTree = "<group>"; };
		9EFDEB9E29190567007743CE /* Base */ = {isa = PBXFileReference; lastKnownFileType = file.storyboard; name = Base; path = Base.lproj/LaunchScreen.storyboard; sourceTree = "<group>"; };
		9EFDEBA029190567007743CE /* Info.plist */ = {isa = PBXFileReference; lastKnownFileType = text.plist.xml; path = Info.plist; sourceTree = "<group>"; };
		9EFDEBA629192606007743CE /* OnboardingViewController.swift */ = {isa = PBXFileReference; lastKnownFileType = sourcecode.swift; path = OnboardingViewController.swift; sourceTree = "<group>"; };
		9EFDEBA9291928F9007743CE /* Color.swift */ = {isa = PBXFileReference; lastKnownFileType = sourcecode.swift; path = Color.swift; sourceTree = "<group>"; };
		9EFDEBAC29192A03007743CE /* OnboardingView.swift */ = {isa = PBXFileReference; lastKnownFileType = sourcecode.swift; path = OnboardingView.swift; sourceTree = "<group>"; };
		9EFDEBAF29192A11007743CE /* BaseView.swift */ = {isa = PBXFileReference; lastKnownFileType = sourcecode.swift; path = BaseView.swift; sourceTree = "<group>"; };
		9EFDEBB129192A66007743CE /* BaseViewController.swift */ = {isa = PBXFileReference; lastKnownFileType = sourcecode.swift; path = BaseViewController.swift; sourceTree = "<group>"; };
		9EFDEBB3291AA0BB007743CE /* loginViewController.swift */ = {isa = PBXFileReference; lastKnownFileType = sourcecode.swift; path = loginViewController.swift; sourceTree = "<group>"; };
		9EFDEBB6291AA0D2007743CE /* loginView.swift */ = {isa = PBXFileReference; lastKnownFileType = sourcecode.swift; path = loginView.swift; sourceTree = "<group>"; };
/* End PBXFileReference section */

/* Begin PBXFrameworksBuildPhase section */
		9EFDEB8C29190566007743CE /* Frameworks */ = {
			isa = PBXFrameworksBuildPhase;
			buildActionMask = 2147483647;
			files = (
				9ECC7C8F2923057200B3DC25 /* Toast in Frameworks */,
				9ECC7C9E292558A100B3DC25 /* Alamofire in Frameworks */,
				9ECC7CA429256B7700B3DC25 /* SwiftyJSON in Frameworks */,
				9EC3593E291B9825001E69A4 /* AnyFormatKit in Frameworks */,
				9E876DD129220E3E00BEBAE8 /* FirebaseAnalyticsWithoutAdIdSupport in Frameworks */,
				9E876DD529220E3E00BEBAE8 /* FirebaseMessaging in Frameworks */,
				9EC35921291AA64D001E69A4 /* SnapKit in Frameworks */,
				9E876DD329220E3E00BEBAE8 /* FirebaseAuth in Frameworks */,
			);
			runOnlyForDeploymentPostprocessing = 0;
		};
/* End PBXFrameworksBuildPhase section */

/* Begin PBXGroup section */
		9E876DBE2920E1BB00BEBAE8 /* Onboarding - collectionView + pageControl */ = {
			isa = PBXGroup;
			children = (
				9E29D9C0291F9FB200BBE368 /* OnboardingData.swift */,
				9E876DBF2920E1DF00BEBAE8 /* OnboardViewController.swift */,
				9E876DC12920E1FC00BEBAE8 /* OnboardView.swift */,
				9E876DC52920E5BB00BEBAE8 /* OnboardCollectionViewCell.swift */,
				9E876DC92920EC2D00BEBAE8 /* ScrollExtension.swift */,
				9E876DCB2920EF3F00BEBAE8 /* collectionViewExtension.swift */,
			);
			path = "Onboarding - collectionView + pageControl";
			sourceTree = "<group>";
		};
		9EC35924291AE0F1001E69A4 /* AuthorizationPage */ = {
			isa = PBXGroup;
			children = (
				9EC35927291AE11D001E69A4 /* AuthorizationViewController.swift */,
				9EC35925291AE10E001E69A4 /* AuthorizationView.swift */,
			);
			path = AuthorizationPage;
			sourceTree = "<group>";
		};
		9EC3594C291E525B001E69A4 /* Splash */ = {
			isa = PBXGroup;
			children = (
				9EC3594A291E5256001E69A4 /* SplashViewController.swift */,
				9EC3594D291E526C001E69A4 /* SplashView.swift */,
				9E876DBC2920E06000BEBAE8 /* Splash.storyboard */,
			);
			path = Splash;
			sourceTree = "<group>";
		};
		9ECC7C7A2922A9FF00B3DC25 /* SignUp */ = {
			isa = PBXGroup;
			children = (
				9ECC7C7B2922AA5800B3DC25 /* nickNameViewController.swift */,
				9ECC7C7D2922AA6600B3DC25 /* nickNameView.swift */,
				9ECC7C812922AF0200B3DC25 /* BirthViewController.swift */,
				9ECC7C7F2922AEF500B3DC25 /* BirthView.swift */,
				9ECC7C832922AF1300B3DC25 /* EmailViewController.swift */,
				9ECC7C872922AF3000B3DC25 /* EmailView.swift */,
				9ECC7C852922AF1D00B3DC25 /* GenderViewController.swift */,
				9ECC7C892922AF5600B3DC25 /* GenderView.swift */,
			);
			path = SignUp;
			sourceTree = "<group>";
		};
		9ECC7C9F292566A600B3DC25 /* API */ = {
			isa = PBXGroup;
			children = (
				9ECC7CA0292566B000B3DC25 /* APIUrl.swift */,
				9ECC7CA5292571D700B3DC25 /* LoginAPIManager.swift */,
				9ECC7CA7292571E600B3DC25 /* SignInAPIManager.swift */,
			);
			path = API;
			sourceTree = "<group>";
		};
		9ECC7CAB2926232400B3DC25 /* HomeTap */ = {
			isa = PBXGroup;
			children = (
				9ECC7CC72928BD9700B3DC25 /* TabBarController.swift */,
				9ECC7CAF2926238900B3DC25 /* MyPage */,
				9ECC7CAE2926237C00B3DC25 /* SeSACFriend */,
				9ECC7CAD2926237100B3DC25 /* SeSacShop */,
				9ECC7CAC2926236700B3DC25 /* Home */,
			);
			path = HomeTap;
			sourceTree = "<group>";
		};
		9ECC7CAC2926236700B3DC25 /* Home */ = {
			isa = PBXGroup;
			children = (
				9ECC7CB0292623AE00B3DC25 /* HomeViewController.swift */,
				9ECC7CB22926247400B3DC25 /* HomeView.swift */,
				9ECC7CB82928890F00B3DC25 /* LocationAuthorization.swift */,
			);
			path = Home;
			sourceTree = "<group>";
		};
		9ECC7CAD2926237100B3DC25 /* SeSacShop */ = {
			isa = PBXGroup;
			children = (
				9ECC7CB6292885F500B3DC25 /* ShopViewController.swift */,
				9ECC7CB4292885C600B3DC25 /* ShopView.swift */,
			);
			path = SeSacShop;
			sourceTree = "<group>";
		};
		9ECC7CAE2926237C00B3DC25 /* SeSACFriend */ = {
			isa = PBXGroup;
			children = (
			);
			path = SeSACFriend;
			sourceTree = "<group>";
		};
		9ECC7CAF2926238900B3DC25 /* MyPage */ = {
			isa = PBXGroup;
			children = (
				9ECC7CC22928B53900B3DC25 /* MyPageData.swift */,
				9ECC7CC92928C57400B3DC25 /* ManageMyPage */,
				9ECC7CC42928B6B200B3DC25 /* MyPageTap */,
			);
			path = MyPage;
			sourceTree = "<group>";
		};
		9ECC7CC42928B6B200B3DC25 /* MyPageTap */ = {
			isa = PBXGroup;
			children = (
				9ECC7CBA29288D4300B3DC25 /* MyPageViewController.swift */,
				9ECC7CBC29288D5600B3DC25 /* MyPageView.swift */,
				9ECC7CBE2928921000B3DC25 /* MyPageTableViewCell.swift */,
				9ECC7CCE2928CA7800B3DC25 /* NameTableViewCell.swift */,
				9ECC7CC52928B8E100B3DC25 /* TableViewExtension.swift */,
			);
			path = MyPageTap;
			sourceTree = "<group>";
		};
		9ECC7CC92928C57400B3DC25 /* ManageMyPage */ = {
			isa = PBXGroup;
			children = (
				9EE3C6BF29295AA300124D61 /* ImageSection */,
				9EE3C6BC2929556600124D61 /* NameSection */,
				9EE3C6C229295D5C00124D61 /* ListSection */,
				9ECC7CCA2928C5A100B3DC25 /* ManageMyPageViewController.swift */,
				9ECC7CCC2928C5B800B3DC25 /* ManageMyPageView.swift */,
				9EE3C6AE2928F01A00124D61 /* TableVC.swift */,
			);
			path = ManageMyPage;
			sourceTree = "<group>";
		};
		9EE3C6BC2929556600124D61 /* NameSection */ = {
			isa = PBXGroup;
			children = (
				9EE3C6BA292913BF00124D61 /* HeaderCell.swift */,
				9EE3C6BD2929559000124D61 /* ExpandableCardTableViewCell.swift */,
				9EE3C6C6292B467400124D61 /* CustomButton.swift */,
			);
			path = NameSection;
			sourceTree = "<group>";
		};
		9EE3C6BF29295AA300124D61 /* ImageSection */ = {
			isa = PBXGroup;
			children = (
				9EE3C6C029295AB300124D61 /* ImageTableViewCell.swift */,
			);
			path = ImageSection;
			sourceTree = "<group>";
		};
		9EE3C6C229295D5C00124D61 /* ListSection */ = {
			isa = PBXGroup;
			children = (
				9EE3C6B42929066800124D61 /* ManageMyPageCell.swift */,
			);
			path = ListSection;
			sourceTree = "<group>";
		};
		9EE3C6C5292B21D900124D61 /* Font */ = {
			isa = PBXGroup;
			children = (
				9E876DB82920B8FC00BEBAE8 /* Noto_Sans_KR */,
				9ECC7CA92925BAD000B3DC25 /* Dongle */,
			);
			path = Font;
			sourceTree = "<group>";
		};
		9EFDEB8629190566007743CE = {
			isa = PBXGroup;
			children = (
				9ECC7C962924E81F00B3DC25 /* .gitignore */,
				9EE3C6C3292B17B900124D61 /* GoogleService-Info.plist */,
				9EFDEB9129190566007743CE /* SLP */,
				9EFDEB9029190566007743CE /* Products */,
			);
			sourceTree = "<group>";
		};
		9EFDEB9029190566007743CE /* Products */ = {
			isa = PBXGroup;
			children = (
				9EFDEB8F29190566007743CE /* SLP.app */,
			);
			name = Products;
			sourceTree = "<group>";
		};
		9EFDEB9129190566007743CE /* SLP */ = {
			isa = PBXGroup;
			children = (
				9EC35949291E30D7001E69A4 /* SLP.entitlements */,
				9ECC7C9F292566A600B3DC25 /* API */,
				9EE3C6C5292B21D900124D61 /* Font */,
				9ECC7CAB2926232400B3DC25 /* HomeTap */,
				9ECC7C7A2922A9FF00B3DC25 /* SignUp */,
				9EC35924291AE0F1001E69A4 /* AuthorizationPage */,
				9EFDEBB5291AA0BF007743CE /* loginPage */,
				9EFDEBAE29192A09007743CE /* Base */,
				9EFDEBAB291929F1007743CE /* Onboarding - compositional */,
				9E876DBE2920E1BB00BEBAE8 /* Onboarding - collectionView + pageControl */,
				9EC3594C291E525B001E69A4 /* Splash */,
				9EFDEBA8291928DB007743CE /* Constant */,
				9EFDEB9229190566007743CE /* AppDelegate.swift */,
				9EFDEB9429190566007743CE /* SceneDelegate.swift */,
				9EFDEB9B29190567007743CE /* Assets.xcassets */,
				9EFDEB9D29190567007743CE /* LaunchScreen.storyboard */,
				9EFDEBA029190567007743CE /* Info.plist */,
			);
			path = SLP;
			sourceTree = "<group>";
		};
		9EFDEBA8291928DB007743CE /* Constant */ = {
			isa = PBXGroup;
			children = (
				9EFDEBA9291928F9007743CE /* Color.swift */,
				9EC35922291AC49E001E69A4 /* Font.swift */,
				9ECC7C8B2922B21200B3DC25 /* Transition.swift */,
				9ECC7C9229230FDB00B3DC25 /* textField.swift */,
				9ECC7C9429230FE300B3DC25 /* Button.swift */,
				9EE3C6B22928F12F00124D61 /* Reusable.swift */,
			);
			path = Constant;
			sourceTree = "<group>";
		};
		9EFDEBAB291929F1007743CE /* Onboarding - compositional */ = {
			isa = PBXGroup;
			children = (
				9EFDEBA629192606007743CE /* OnboardingViewController.swift */,
				9EFDEBAC29192A03007743CE /* OnboardingView.swift */,
				9EC3593F291CDCF5001E69A4 /* OnboardingCollectionViewCell.swift */,
			);
			path = "Onboarding - compositional";
			sourceTree = "<group>";
		};
		9EFDEBAE29192A09007743CE /* Base */ = {
			isa = PBXGroup;
			children = (
				9EFDEBAF29192A11007743CE /* BaseView.swift */,
				9EFDEBB129192A66007743CE /* BaseViewController.swift */,
				9E29D9C6291FBCDD00BBE368 /* BaseCollectionViewCell.swift */,
				9ECC7CC02928925C00B3DC25 /* BaseTableViewCell.swift */,
				9EE3C6B829290FAE00124D61 /* BaseHeaderCell.swift */,
			);
			path = Base;
			sourceTree = "<group>";
		};
		9EFDEBB5291AA0BF007743CE /* loginPage */ = {
			isa = PBXGroup;
			children = (
				9EFDEBB3291AA0BB007743CE /* loginViewController.swift */,
				9EFDEBB6291AA0D2007743CE /* loginView.swift */,
			);
			path = loginPage;
			sourceTree = "<group>";
		};
/* End PBXGroup section */

/* Begin PBXNativeTarget section */
		9EFDEB8E29190566007743CE /* SLP */ = {
			isa = PBXNativeTarget;
			buildConfigurationList = 9EFDEBA329190567007743CE /* Build configuration list for PBXNativeTarget "SLP" */;
			buildPhases = (
				9EFDEB8B29190566007743CE /* Sources */,
				9EFDEB8C29190566007743CE /* Frameworks */,
				9EFDEB8D29190566007743CE /* Resources */,
			);
			buildRules = (
			);
			dependencies = (
			);
			name = SLP;
			packageProductDependencies = (
				9EC35920291AA64D001E69A4 /* SnapKit */,
				9EC3593D291B9825001E69A4 /* AnyFormatKit */,
				9E876DD029220E3E00BEBAE8 /* FirebaseAnalyticsWithoutAdIdSupport */,
				9E876DD229220E3E00BEBAE8 /* FirebaseAuth */,
				9E876DD429220E3E00BEBAE8 /* FirebaseMessaging */,
				9ECC7C8E2923057200B3DC25 /* Toast */,
				9ECC7C9D292558A100B3DC25 /* Alamofire */,
				9ECC7CA329256B7700B3DC25 /* SwiftyJSON */,
			);
			productName = SLP;
			productReference = 9EFDEB8F29190566007743CE /* SLP.app */;
			productType = "com.apple.product-type.application";
		};
/* End PBXNativeTarget section */

/* Begin PBXProject section */
		9EFDEB8729190566007743CE /* Project object */ = {
			isa = PBXProject;
			attributes = {
				BuildIndependentTargetsInParallel = 1;
				LastSwiftUpdateCheck = 1340;
				LastUpgradeCheck = 1340;
				TargetAttributes = {
					9EFDEB8E29190566007743CE = {
						CreatedOnToolsVersion = 13.4.1;
					};
				};
			};
			buildConfigurationList = 9EFDEB8A29190566007743CE /* Build configuration list for PBXProject "SLP" */;
			compatibilityVersion = "Xcode 13.0";
			developmentRegion = en;
			hasScannedForEncodings = 0;
			knownRegions = (
				en,
				Base,
			);
			mainGroup = 9EFDEB8629190566007743CE;
			packageReferences = (
				9EC3591F291AA64D001E69A4 /* XCRemoteSwiftPackageReference "SnapKit" */,
				9EC3593C291B9824001E69A4 /* XCRemoteSwiftPackageReference "AnyFormatKit" */,
				9E876DCF29220E3E00BEBAE8 /* XCRemoteSwiftPackageReference "firebase-ios-sdk" */,
				9ECC7C8D2923057200B3DC25 /* XCRemoteSwiftPackageReference "Toast-Swift" */,
				9ECC7C9C292558A100B3DC25 /* XCRemoteSwiftPackageReference "Alamofire" */,
				9ECC7CA229256B7700B3DC25 /* XCRemoteSwiftPackageReference "SwiftyJSON" */,
			);
			productRefGroup = 9EFDEB9029190566007743CE /* Products */;
			projectDirPath = "";
			projectRoot = "";
			targets = (
				9EFDEB8E29190566007743CE /* SLP */,
			);
		};
/* End PBXProject section */

/* Begin PBXResourcesBuildPhase section */
		9EFDEB8D29190566007743CE /* Resources */ = {
			isa = PBXResourcesBuildPhase;
			buildActionMask = 2147483647;
			files = (
				9E876DB92920B8FC00BEBAE8 /* Noto_Sans_KR in Resources */,
				9EFDEB9F29190567007743CE /* LaunchScreen.storyboard in Resources */,
				9EFDEB9C29190567007743CE /* Assets.xcassets in Resources */,
				9ECC7CAA2925BAD000B3DC25 /* Dongle in Resources */,
				9ECC7C972924E81F00B3DC25 /* .gitignore in Resources */,
				9E876DBD2920E06000BEBAE8 /* Splash.storyboard in Resources */,
				9EE3C6C4292B17B900124D61 /* GoogleService-Info.plist in Resources */,
			);
			runOnlyForDeploymentPostprocessing = 0;
		};
/* End PBXResourcesBuildPhase section */

/* Begin PBXSourcesBuildPhase section */
		9EFDEB8B29190566007743CE /* Sources */ = {
			isa = PBXSourcesBuildPhase;
			buildActionMask = 2147483647;
			files = (
				9EE3C6B52929066800124D61 /* ManageMyPageCell.swift in Sources */,
				9E876DCC2920EF3F00BEBAE8 /* collectionViewExtension.swift in Sources */,
				9EFDEBAD29192A03007743CE /* OnboardingView.swift in Sources */,
				9EC3594E291E526C001E69A4 /* SplashView.swift in Sources */,
				9ECC7CB1292623AE00B3DC25 /* HomeViewController.swift in Sources */,
				9EC35923291AC49E001E69A4 /* Font.swift in Sources */,
				9EC35926291AE10E001E69A4 /* AuthorizationView.swift in Sources */,
				9ECC7CBF2928921000B3DC25 /* MyPageTableViewCell.swift in Sources */,
				9EFDEBB7291AA0D2007743CE /* loginView.swift in Sources */,
				9ECC7CCD2928C5B800B3DC25 /* ManageMyPageView.swift in Sources */,
				9E876DCA2920EC2D00BEBAE8 /* ScrollExtension.swift in Sources */,
				9EC35940291CDCF5001E69A4 /* OnboardingCollectionViewCell.swift in Sources */,
				9ECC7CB5292885C600B3DC25 /* ShopView.swift in Sources */,
				9EE3C6B32928F12F00124D61 /* Reusable.swift in Sources */,
				9EC35928291AE11D001E69A4 /* AuthorizationViewController.swift in Sources */,
				9E29D9C7291FBCDD00BBE368 /* BaseCollectionViewCell.swift in Sources */,
				9ECC7CC32928B53900B3DC25 /* MyPageData.swift in Sources */,
				9ECC7CC12928925C00B3DC25 /* BaseTableViewCell.swift in Sources */,
				9EE3C6BB292913BF00124D61 /* HeaderCell.swift in Sources */,
				9ECC7CB7292885F500B3DC25 /* ShopViewController.swift in Sources */,
				9ECC7CC82928BD9700B3DC25 /* TabBarController.swift in Sources */,
				9ECC7C8A2922AF5600B3DC25 /* GenderView.swift in Sources */,
				9ECC7C862922AF1D00B3DC25 /* GenderViewController.swift in Sources */,
				9EFDEB9329190566007743CE /* AppDelegate.swift in Sources */,
				9EFDEB9529190566007743CE /* SceneDelegate.swift in Sources */,
				9EC3594B291E5256001E69A4 /* SplashViewController.swift in Sources */,
				9ECC7C9329230FDB00B3DC25 /* textField.swift in Sources */,
				9EFDEBB029192A11007743CE /* BaseView.swift in Sources */,
				9ECC7CBD29288D5600B3DC25 /* MyPageView.swift in Sources */,
				9EFDEBB229192A66007743CE /* BaseViewController.swift in Sources */,
				9EE3C6BE2929559000124D61 /* ExpandableCardTableViewCell.swift in Sources */,
				9ECC7CA6292571D700B3DC25 /* LoginAPIManager.swift in Sources */,
				9ECC7C8C2922B21200B3DC25 /* Transition.swift in Sources */,
				9ECC7CB92928890F00B3DC25 /* LocationAuthorization.swift in Sources */,
				9E876DC22920E1FC00BEBAE8 /* OnboardView.swift in Sources */,
				9ECC7C802922AEF500B3DC25 /* BirthView.swift in Sources */,
				9ECC7CCB2928C5A100B3DC25 /* ManageMyPageViewController.swift in Sources */,
				9ECC7CA8292571E600B3DC25 /* SignInAPIManager.swift in Sources */,
				9E29D9C1291F9FB200BBE368 /* OnboardingData.swift in Sources */,
				9ECC7C7E2922AA6600B3DC25 /* nickNameView.swift in Sources */,
				9ECC7C842922AF1300B3DC25 /* EmailViewController.swift in Sources */,
				9E876DC02920E1DF00BEBAE8 /* OnboardViewController.swift in Sources */,
				9ECC7C822922AF0200B3DC25 /* BirthViewController.swift in Sources */,
				9EFDEBAA291928F9007743CE /* Color.swift in Sources */,
				9ECC7CC62928B8E100B3DC25 /* TableViewExtension.swift in Sources */,
				9EE3C6C129295AB300124D61 /* ImageTableViewCell.swift in Sources */,
				9EFDEBA729192606007743CE /* OnboardingViewController.swift in Sources */,
				9ECC7C7C2922AA5800B3DC25 /* nickNameViewController.swift in Sources */,
				9E876DC62920E5BB00BEBAE8 /* OnboardCollectionViewCell.swift in Sources */,
				9ECC7CA1292566B000B3DC25 /* APIUrl.swift in Sources */,
				9ECC7CBB29288D4300B3DC25 /* MyPageViewController.swift in Sources */,
				9EFDEBB4291AA0BB007743CE /* loginViewController.swift in Sources */,
				9ECC7C882922AF3000B3DC25 /* EmailView.swift in Sources */,
				9EE3C6C7292B467400124D61 /* CustomButton.swift in Sources */,
				9ECC7CCF2928CA7800B3DC25 /* NameTableViewCell.swift in Sources */,
				9ECC7C9529230FE300B3DC25 /* Button.swift in Sources */,
				9ECC7CB32926247400B3DC25 /* HomeView.swift in Sources */,
				9EE3C6B929290FAE00124D61 /* BaseHeaderCell.swift in Sources */,
				9EE3C6AF2928F01A00124D61 /* TableVC.swift in Sources */,
			);
			runOnlyForDeploymentPostprocessing = 0;
		};
/* End PBXSourcesBuildPhase section */

/* Begin PBXVariantGroup section */
		9EFDEB9D29190567007743CE /* LaunchScreen.storyboard */ = {
			isa = PBXVariantGroup;
			children = (
				9EFDEB9E29190567007743CE /* Base */,
			);
			name = LaunchScreen.storyboard;
			sourceTree = "<group>";
		};
/* End PBXVariantGroup section */

/* Begin XCBuildConfiguration section */
		9EFDEBA129190567007743CE /* Debug */ = {
			isa = XCBuildConfiguration;
			buildSettings = {
				ALWAYS_SEARCH_USER_PATHS = NO;
				CLANG_ANALYZER_NONNULL = YES;
				CLANG_ANALYZER_NUMBER_OBJECT_CONVERSION = YES_AGGRESSIVE;
				CLANG_CXX_LANGUAGE_STANDARD = "gnu++17";
				CLANG_ENABLE_MODULES = YES;
				CLANG_ENABLE_OBJC_ARC = YES;
				CLANG_ENABLE_OBJC_WEAK = YES;
				CLANG_WARN_BLOCK_CAPTURE_AUTORELEASING = YES;
				CLANG_WARN_BOOL_CONVERSION = YES;
				CLANG_WARN_COMMA = YES;
				CLANG_WARN_CONSTANT_CONVERSION = YES;
				CLANG_WARN_DEPRECATED_OBJC_IMPLEMENTATIONS = YES;
				CLANG_WARN_DIRECT_OBJC_ISA_USAGE = YES_ERROR;
				CLANG_WARN_DOCUMENTATION_COMMENTS = YES;
				CLANG_WARN_EMPTY_BODY = YES;
				CLANG_WARN_ENUM_CONVERSION = YES;
				CLANG_WARN_INFINITE_RECURSION = YES;
				CLANG_WARN_INT_CONVERSION = YES;
				CLANG_WARN_NON_LITERAL_NULL_CONVERSION = YES;
				CLANG_WARN_OBJC_IMPLICIT_RETAIN_SELF = YES;
				CLANG_WARN_OBJC_LITERAL_CONVERSION = YES;
				CLANG_WARN_OBJC_ROOT_CLASS = YES_ERROR;
				CLANG_WARN_QUOTED_INCLUDE_IN_FRAMEWORK_HEADER = YES;
				CLANG_WARN_RANGE_LOOP_ANALYSIS = YES;
				CLANG_WARN_STRICT_PROTOTYPES = YES;
				CLANG_WARN_SUSPICIOUS_MOVE = YES;
				CLANG_WARN_UNGUARDED_AVAILABILITY = YES_AGGRESSIVE;
				CLANG_WARN_UNREACHABLE_CODE = YES;
				CLANG_WARN__DUPLICATE_METHOD_MATCH = YES;
				COPY_PHASE_STRIP = NO;
				DEBUG_INFORMATION_FORMAT = dwarf;
				ENABLE_STRICT_OBJC_MSGSEND = YES;
				ENABLE_TESTABILITY = YES;
				GCC_C_LANGUAGE_STANDARD = gnu11;
				GCC_DYNAMIC_NO_PIC = NO;
				GCC_NO_COMMON_BLOCKS = YES;
				GCC_OPTIMIZATION_LEVEL = 0;
				GCC_PREPROCESSOR_DEFINITIONS = (
					"DEBUG=1",
					"$(inherited)",
				);
				GCC_WARN_64_TO_32_BIT_CONVERSION = YES;
				GCC_WARN_ABOUT_RETURN_TYPE = YES_ERROR;
				GCC_WARN_UNDECLARED_SELECTOR = YES;
				GCC_WARN_UNINITIALIZED_AUTOS = YES_AGGRESSIVE;
				GCC_WARN_UNUSED_FUNCTION = YES;
				GCC_WARN_UNUSED_VARIABLE = YES;
				IPHONEOS_DEPLOYMENT_TARGET = 15.0;
				MTL_ENABLE_DEBUG_INFO = INCLUDE_SOURCE;
				MTL_FAST_MATH = YES;
				ONLY_ACTIVE_ARCH = YES;
				SDKROOT = iphoneos;
				SWIFT_ACTIVE_COMPILATION_CONDITIONS = DEBUG;
				SWIFT_OPTIMIZATION_LEVEL = "-Onone";
			};
			name = Debug;
		};
		9EFDEBA229190567007743CE /* Release */ = {
			isa = XCBuildConfiguration;
			buildSettings = {
				ALWAYS_SEARCH_USER_PATHS = NO;
				CLANG_ANALYZER_NONNULL = YES;
				CLANG_ANALYZER_NUMBER_OBJECT_CONVERSION = YES_AGGRESSIVE;
				CLANG_CXX_LANGUAGE_STANDARD = "gnu++17";
				CLANG_ENABLE_MODULES = YES;
				CLANG_ENABLE_OBJC_ARC = YES;
				CLANG_ENABLE_OBJC_WEAK = YES;
				CLANG_WARN_BLOCK_CAPTURE_AUTORELEASING = YES;
				CLANG_WARN_BOOL_CONVERSION = YES;
				CLANG_WARN_COMMA = YES;
				CLANG_WARN_CONSTANT_CONVERSION = YES;
				CLANG_WARN_DEPRECATED_OBJC_IMPLEMENTATIONS = YES;
				CLANG_WARN_DIRECT_OBJC_ISA_USAGE = YES_ERROR;
				CLANG_WARN_DOCUMENTATION_COMMENTS = YES;
				CLANG_WARN_EMPTY_BODY = YES;
				CLANG_WARN_ENUM_CONVERSION = YES;
				CLANG_WARN_INFINITE_RECURSION = YES;
				CLANG_WARN_INT_CONVERSION = YES;
				CLANG_WARN_NON_LITERAL_NULL_CONVERSION = YES;
				CLANG_WARN_OBJC_IMPLICIT_RETAIN_SELF = YES;
				CLANG_WARN_OBJC_LITERAL_CONVERSION = YES;
				CLANG_WARN_OBJC_ROOT_CLASS = YES_ERROR;
				CLANG_WARN_QUOTED_INCLUDE_IN_FRAMEWORK_HEADER = YES;
				CLANG_WARN_RANGE_LOOP_ANALYSIS = YES;
				CLANG_WARN_STRICT_PROTOTYPES = YES;
				CLANG_WARN_SUSPICIOUS_MOVE = YES;
				CLANG_WARN_UNGUARDED_AVAILABILITY = YES_AGGRESSIVE;
				CLANG_WARN_UNREACHABLE_CODE = YES;
				CLANG_WARN__DUPLICATE_METHOD_MATCH = YES;
				COPY_PHASE_STRIP = NO;
				DEBUG_INFORMATION_FORMAT = "dwarf-with-dsym";
				ENABLE_NS_ASSERTIONS = NO;
				ENABLE_STRICT_OBJC_MSGSEND = YES;
				GCC_C_LANGUAGE_STANDARD = gnu11;
				GCC_NO_COMMON_BLOCKS = YES;
				GCC_WARN_64_TO_32_BIT_CONVERSION = YES;
				GCC_WARN_ABOUT_RETURN_TYPE = YES_ERROR;
				GCC_WARN_UNDECLARED_SELECTOR = YES;
				GCC_WARN_UNINITIALIZED_AUTOS = YES_AGGRESSIVE;
				GCC_WARN_UNUSED_FUNCTION = YES;
				GCC_WARN_UNUSED_VARIABLE = YES;
				IPHONEOS_DEPLOYMENT_TARGET = 15.0;
				MTL_ENABLE_DEBUG_INFO = NO;
				MTL_FAST_MATH = YES;
				SDKROOT = iphoneos;
				SWIFT_COMPILATION_MODE = wholemodule;
				SWIFT_OPTIMIZATION_LEVEL = "-O";
				VALIDATE_PRODUCT = YES;
			};
			name = Release;
		};
		9EFDEBA429190567007743CE /* Debug */ = {
			isa = XCBuildConfiguration;
			buildSettings = {
				ASSETCATALOG_COMPILER_APPICON_NAME = AppIcon;
				ASSETCATALOG_COMPILER_GLOBAL_ACCENT_COLOR_NAME = AccentColor;
				CODE_SIGN_ENTITLEMENTS = SLP/SLP.entitlements;
				CODE_SIGN_STYLE = Automatic;
				CURRENT_PROJECT_VERSION = 1;
				DEVELOPMENT_TEAM = K27UK338MM;
				GENERATE_INFOPLIST_FILE = YES;
				INFOPLIST_FILE = SLP/Info.plist;
				INFOPLIST_KEY_NSLocationAlwaysAndWhenInUseUsageDescription = "This application requires location services to work";
				INFOPLIST_KEY_UIApplicationSupportsIndirectInputEvents = YES;
				INFOPLIST_KEY_UILaunchStoryboardName = LaunchScreen.storyboard;
				INFOPLIST_KEY_UIMainStoryboardFile = LaunchScreen;
				INFOPLIST_KEY_UISupportedInterfaceOrientations_iPad = "UIInterfaceOrientationPortrait UIInterfaceOrientationPortraitUpsideDown UIInterfaceOrientationLandscapeLeft UIInterfaceOrientationLandscapeRight";
				INFOPLIST_KEY_UISupportedInterfaceOrientations_iPhone = "UIInterfaceOrientationPortrait UIInterfaceOrientationLandscapeLeft UIInterfaceOrientationLandscapeRight";
				IPHONEOS_DEPLOYMENT_TARGET = 15.0;
				LD_RUNPATH_SEARCH_PATHS = (
					"$(inherited)",
					"@executable_path/Frameworks",
				);
				MARKETING_VERSION = 1.0;
				PRODUCT_BUNDLE_IDENTIFIER = com.Anniekang.SLP;
				PRODUCT_NAME = "$(TARGET_NAME)";
				SWIFT_EMIT_LOC_STRINGS = YES;
				SWIFT_VERSION = 5.0;
				TARGETED_DEVICE_FAMILY = 1;
			};
			name = Debug;
		};
		9EFDEBA529190567007743CE /* Release */ = {
			isa = XCBuildConfiguration;
			buildSettings = {
				ASSETCATALOG_COMPILER_APPICON_NAME = AppIcon;
				ASSETCATALOG_COMPILER_GLOBAL_ACCENT_COLOR_NAME = AccentColor;
				CODE_SIGN_ENTITLEMENTS = SLP/SLP.entitlements;
				CODE_SIGN_IDENTITY = "Apple Development";
				CODE_SIGN_STYLE = Automatic;
				CURRENT_PROJECT_VERSION = 1;
				DEVELOPMENT_TEAM = K27UK338MM;
				GENERATE_INFOPLIST_FILE = YES;
				INFOPLIST_FILE = SLP/Info.plist;
				INFOPLIST_KEY_NSLocationAlwaysAndWhenInUseUsageDescription = "This application requires location services to work";
				INFOPLIST_KEY_UIApplicationSupportsIndirectInputEvents = YES;
				INFOPLIST_KEY_UILaunchStoryboardName = LaunchScreen.storyboard;
				INFOPLIST_KEY_UIMainStoryboardFile = LaunchScreen;
				INFOPLIST_KEY_UISupportedInterfaceOrientations_iPad = "UIInterfaceOrientationPortrait UIInterfaceOrientationPortraitUpsideDown UIInterfaceOrientationLandscapeLeft UIInterfaceOrientationLandscapeRight";
				INFOPLIST_KEY_UISupportedInterfaceOrientations_iPhone = "UIInterfaceOrientationPortrait UIInterfaceOrientationLandscapeLeft UIInterfaceOrientationLandscapeRight";
				IPHONEOS_DEPLOYMENT_TARGET = 15.0;
				LD_RUNPATH_SEARCH_PATHS = (
					"$(inherited)",
					"@executable_path/Frameworks",
				);
				MARKETING_VERSION = 1.0;
				PRODUCT_BUNDLE_IDENTIFIER = com.Anniekang.SLP;
				PRODUCT_NAME = "$(TARGET_NAME)";
				PROVISIONING_PROFILE_SPECIFIER = "";
				SWIFT_EMIT_LOC_STRINGS = YES;
				SWIFT_VERSION = 5.0;
				TARGETED_DEVICE_FAMILY = 1;
			};
			name = Release;
		};
/* End XCBuildConfiguration section */

/* Begin XCConfigurationList section */
		9EFDEB8A29190566007743CE /* Build configuration list for PBXProject "SLP" */ = {
			isa = XCConfigurationList;
			buildConfigurations = (
				9EFDEBA129190567007743CE /* Debug */,
				9EFDEBA229190567007743CE /* Release */,
			);
			defaultConfigurationIsVisible = 0;
			defaultConfigurationName = Release;
		};
		9EFDEBA329190567007743CE /* Build configuration list for PBXNativeTarget "SLP" */ = {
			isa = XCConfigurationList;
			buildConfigurations = (
				9EFDEBA429190567007743CE /* Debug */,
				9EFDEBA529190567007743CE /* Release */,
			);
			defaultConfigurationIsVisible = 0;
			defaultConfigurationName = Release;
		};
/* End XCConfigurationList section */

/* Begin XCRemoteSwiftPackageReference section */
		9E876DCF29220E3E00BEBAE8 /* XCRemoteSwiftPackageReference "firebase-ios-sdk" */ = {
			isa = XCRemoteSwiftPackageReference;
			repositoryURL = "https://github.com/firebase/firebase-ios-sdk";
			requirement = {
				kind = upToNextMajorVersion;
				minimumVersion = 9.0.0;
			};
		};
		9EC3591F291AA64D001E69A4 /* XCRemoteSwiftPackageReference "SnapKit" */ = {
			isa = XCRemoteSwiftPackageReference;
			repositoryURL = "https://github.com/SnapKit/SnapKit.git";
			requirement = {
				kind = upToNextMajorVersion;
				minimumVersion = 5.0.0;
			};
		};
		9EC3593C291B9824001E69A4 /* XCRemoteSwiftPackageReference "AnyFormatKit" */ = {
			isa = XCRemoteSwiftPackageReference;
			repositoryURL = "https://github.com/luximetr/AnyFormatKit.git";
			requirement = {
				kind = upToNextMajorVersion;
				minimumVersion = 2.0.0;
			};
		};
		9ECC7C8D2923057200B3DC25 /* XCRemoteSwiftPackageReference "Toast-Swift" */ = {
			isa = XCRemoteSwiftPackageReference;
			repositoryURL = "https://github.com/scalessec/Toast-Swift.git";
			requirement = {
				kind = upToNextMajorVersion;
				minimumVersion = 5.0.0;
			};
		};
		9ECC7C9C292558A100B3DC25 /* XCRemoteSwiftPackageReference "Alamofire" */ = {
			isa = XCRemoteSwiftPackageReference;
			repositoryURL = "https://github.com/Alamofire/Alamofire.git";
			requirement = {
				kind = upToNextMajorVersion;
				minimumVersion = 5.0.0;
			};
		};
		9ECC7CA229256B7700B3DC25 /* XCRemoteSwiftPackageReference "SwiftyJSON" */ = {
			isa = XCRemoteSwiftPackageReference;
			repositoryURL = "https://github.com/SwiftyJSON/SwiftyJSON.git";
			requirement = {
				kind = upToNextMajorVersion;
				minimumVersion = 5.0.0;
			};
		};
/* End XCRemoteSwiftPackageReference section */

/* Begin XCSwiftPackageProductDependency section */
		9E876DD029220E3E00BEBAE8 /* FirebaseAnalyticsWithoutAdIdSupport */ = {
			isa = XCSwiftPackageProductDependency;
			package = 9E876DCF29220E3E00BEBAE8 /* XCRemoteSwiftPackageReference "firebase-ios-sdk" */;
			productName = FirebaseAnalyticsWithoutAdIdSupport;
		};
		9E876DD229220E3E00BEBAE8 /* FirebaseAuth */ = {
			isa = XCSwiftPackageProductDependency;
			package = 9E876DCF29220E3E00BEBAE8 /* XCRemoteSwiftPackageReference "firebase-ios-sdk" */;
			productName = FirebaseAuth;
		};
		9E876DD429220E3E00BEBAE8 /* FirebaseMessaging */ = {
			isa = XCSwiftPackageProductDependency;
			package = 9E876DCF29220E3E00BEBAE8 /* XCRemoteSwiftPackageReference "firebase-ios-sdk" */;
			productName = FirebaseMessaging;
		};
		9EC35920291AA64D001E69A4 /* SnapKit */ = {
			isa = XCSwiftPackageProductDependency;
			package = 9EC3591F291AA64D001E69A4 /* XCRemoteSwiftPackageReference "SnapKit" */;
			productName = SnapKit;
		};
		9EC3593D291B9825001E69A4 /* AnyFormatKit */ = {
			isa = XCSwiftPackageProductDependency;
			package = 9EC3593C291B9824001E69A4 /* XCRemoteSwiftPackageReference "AnyFormatKit" */;
			productName = AnyFormatKit;
		};
		9ECC7C8E2923057200B3DC25 /* Toast */ = {
			isa = XCSwiftPackageProductDependency;
			package = 9ECC7C8D2923057200B3DC25 /* XCRemoteSwiftPackageReference "Toast-Swift" */;
			productName = Toast;
		};
		9ECC7C9D292558A100B3DC25 /* Alamofire */ = {
			isa = XCSwiftPackageProductDependency;
			package = 9ECC7C9C292558A100B3DC25 /* XCRemoteSwiftPackageReference "Alamofire" */;
			productName = Alamofire;
		};
		9ECC7CA329256B7700B3DC25 /* SwiftyJSON */ = {
			isa = XCSwiftPackageProductDependency;
			package = 9ECC7CA229256B7700B3DC25 /* XCRemoteSwiftPackageReference "SwiftyJSON" */;
			productName = SwiftyJSON;
		};
/* End XCSwiftPackageProductDependency section */
	};
	rootObject = 9EFDEB8729190566007743CE /* Project object */;
}
